# THIS IS AN AUTOGENERATED FILE. DO NOT EDIT THIS FILE DIRECTLY.
# yarn lockfile v1


"@commercetools/platform-sdk@^7.8.0":
  version "7.8.0"
  resolved "https://registry.npmjs.org/@commercetools/platform-sdk/-/platform-sdk-7.8.0.tgz"
  integrity sha512-7dpUG8kVULm286dyL1N5IZ6A+0iNwjHdeck7CZdUkVeJ697XN/YwPQkjQ2z62ZkaJRL0efPN5277TWttsU6uLA==
  dependencies:
    "@commercetools/sdk-client-v2" "^2.5.0"
    "@commercetools/sdk-middleware-auth" "^7.0.0"
    "@commercetools/sdk-middleware-http" "^7.0.0"
    "@commercetools/sdk-middleware-logger" "^3.0.0"
    "@commercetools/ts-client" "^1.2.1"

"@commercetools/sdk-client-v2@^2.5.0":
  version "2.5.0"
  resolved "https://registry.npmjs.org/@commercetools/sdk-client-v2/-/sdk-client-v2-2.5.0.tgz"
  integrity sha512-v1y++O6yllG+IRTYm9jPE8s667+GapnysyGIf8NJDZbVwhvcanixZL4d20imXjCpOr4u1iZrgRftc90mgYqblw==
  dependencies:
    buffer "^6.0.3"
    node-fetch "^2.6.1"

"@commercetools/sdk-middleware-auth@^7.0.0":
  version "7.0.1"
  resolved "https://registry.npmjs.org/@commercetools/sdk-middleware-auth/-/sdk-middleware-auth-7.0.1.tgz"
  integrity sha512-XLRm+o3Yd0mkVoyzsOA98PUu0U0ajQdBHMhZ8N2XMOtL4OY8zsgT8ap5JneXV8zWZNiwIYYAYoUDwBlLZh2lAQ==
  dependencies:
    node-fetch "^2.6.7"

"@commercetools/sdk-middleware-http@^7.0.0":
  version "7.0.4"
  resolved "https://registry.npmjs.org/@commercetools/sdk-middleware-http/-/sdk-middleware-http-7.0.4.tgz"
  integrity sha512-YpBDTA1NqjfwqPxrll6FzDc0A7hLSRwd9OLGMlPcvUG2Je1ks8Pe34pLdPqz7jgdURwfFXRBmXxPhezDzMbnZA==

"@commercetools/sdk-middleware-logger@^3.0.0":
  version "3.0.0"
  resolved "https://registry.npmjs.org/@commercetools/sdk-middleware-logger/-/sdk-middleware-logger-3.0.0.tgz"
  integrity sha512-DhMXAA2yIch/AaGxy7st85Z1HFmeLtHWGkr9z5rX4xKjan4PHGB/IE5saAR+SNGHhs6+1Lp8vZEHDo3tFqVLmg==

"@commercetools/ts-client@^1.2.1":
  version "1.2.1"
  resolved "https://registry.npmjs.org/@commercetools/ts-client/-/ts-client-1.2.1.tgz"
  integrity sha512-tgy78lQoEoqYoK0KeSj43/v1Mg17M1ouwXtDxKmjAqEW4RyiCGOPPjOiZT9adTyjbK4CcOcwDzJxUVziIerg5g==
  dependencies:
    abort-controller "3.0.0"
    buffer "^6.0.3"
    node-fetch "^2.6.1"
    uuid "9.0.1"

"@types/node-fetch@^2.6.11":
  version "2.6.11"
  resolved "https://registry.npmjs.org/@types/node-fetch/-/node-fetch-2.6.11.tgz"
  integrity sha512-24xFj9R5+rfQJLRyM56qh+wnVSYhyXC2tkoBndtY0U+vubqNsYXGjufB2nn8Q6gt0LrARwL6UBtMCSVCwl4B1g==
  dependencies:
    "@types/node" "*"
    form-data "^4.0.0"

"@types/node@*":
  version "20.12.12"
  resolved "https://registry.npmjs.org/@types/node/-/node-20.12.12.tgz"
  integrity sha512-eWLDGF/FOSPtAvEqeRAQ4C8LSA7M1I7i0ky1I8U7kD1J5ITyW3AsRhQrKVoWf5pFKZ2kILsEGJhsI9r93PYnOw==
  dependencies:
    undici-types "~5.26.4"

abort-controller@3.0.0:
  version "3.0.0"
  resolved "https://registry.npmjs.org/abort-controller/-/abort-controller-3.0.0.tgz"
  integrity sha512-h8lQ8tacZYnR3vNQTgibj+tODHI5/+l06Au2Pcriv/Gmet0eaj4TwWH41sO9wnHDiQsEj19q0drzdWdeAHtweg==
  dependencies:
    event-target-shim "^5.0.0"

"apiclient@file:D:\\Repositories\\commercetools\\SDK\\apiClient":
  version "1.0.0"
  resolved "file:apiClient"

asynckit@^0.4.0:
  version "0.4.0"
  resolved "https://registry.npmjs.org/asynckit/-/asynckit-0.4.0.tgz"
  integrity sha512-Oei9OH4tRh0YqU3GxhX79dM/mwVgvbZJaSNaRk+bshkj0S5cfHcgYakreBjrHwatXKbz+IoIdYLxrKim2MjW0Q==

base64-js@^1.3.1:
  version "1.5.1"
  resolved "https://registry.npmjs.org/base64-js/-/base64-js-1.5.1.tgz"
  integrity sha512-AKpaYlHn8t4SVbOHCy+b5+KKgvR4vrsD8vbvrbiQJps7fKDTkjkDry6ji0rUJjC0kzbNePLwzxq8iypo41qeWA==

buffer@^6.0.3:
  version "6.0.3"
  resolved "https://registry.npmjs.org/buffer/-/buffer-6.0.3.tgz"
  integrity sha512-FTiCpNxtwiZZHEZbcbTIcZjERVICn9yq/pDFkTl95/AxzD1naBctN7YO68riM/gLSDY7sdrMby8hofADYuuqOA==
  dependencies:
    base64-js "^1.3.1"
    ieee754 "^1.2.1"

combined-stream@^1.0.8:
  version "1.0.8"
  resolved "https://registry.npmjs.org/combined-stream/-/combined-stream-1.0.8.tgz"
  integrity sha512-FQN4MRfuJeHf7cBbBMJFXhKSDq+2kAArBlmRBvcvFE5BB1HZKXtSFASDhdlz9zOYwxh8lDdnvmMOe/+5cdoEdg==
  dependencies:
    delayed-stream "~1.0.0"

delayed-stream@~1.0.0:
  version "1.0.0"
  resolved "https://registry.npmjs.org/delayed-stream/-/delayed-stream-1.0.0.tgz"
  integrity sha512-ZySD7Nf91aLB0RxL4KGrKHBXl7Eds1DAmEdcoVawXnLD7SDhpNgtuII2aAkg7a7QS41jxPSZ17p4VdGnMHk3MQ==

event-target-shim@^5.0.0:
  version "5.0.1"
  resolved "https://registry.npmjs.org/event-target-shim/-/event-target-shim-5.0.1.tgz"
  integrity sha512-i/2XbnSz/uxRCU6+NdVJgKWDTM427+MqYbkQzD321DuCQJUqOuJKIA0IM2+W2xtYHdKOmZ4dR6fExsd4SXL+WQ==

form-data@^4.0.0:
  version "4.0.0"
  resolved "https://registry.npmjs.org/form-data/-/form-data-4.0.0.tgz"
  integrity sha512-ETEklSGi5t0QMZuiXoA/Q6vcnxcLQP5vdugSpuAyi6SVGi2clPPp+xgEhuMaHC+zGgn31Kd235W35f7Hykkaww==
  dependencies:
    asynckit "^0.4.0"
    combined-stream "^1.0.8"
    mime-types "^2.1.12"

ieee754@^1.2.1:
  version "1.2.1"
  resolved "https://registry.npmjs.org/ieee754/-/ieee754-1.2.1.tgz"
  integrity sha512-dcyqhDvX1C46lXZcVqCpK+FtMRQVdIMN6/Df5js2zouUsqG7I6sFxitIC+7KYK29KdXOLHdu9zL4sFnoVQnqaA==

mime-db@1.52.0:
  version "1.52.0"
  resolved "https://registry.npmjs.org/mime-db/-/mime-db-1.52.0.tgz"
  integrity sha512-sPU4uV7dYlvtWJxwwxHD0PuihVNiE7TyAbQ5SWxDCB9mUYvOgroQOwYQQOKPJ8CIbE+1ETVlOoK1UC2nU3gYvg==

mime-types@^2.1.12:
  version "2.1.35"
  resolved "https://registry.npmjs.org/mime-types/-/mime-types-2.1.35.tgz"
  integrity sha512-ZDY+bPm5zTTF+YpCrAU9nK0UgICYPT0QtT1NZWFv4s++TNkcgVaT0g6+4R2uI4MjQjzysHB1zxuWL50hzaeXiw==
  dependencies:
    mime-db "1.52.0"

node-fetch@^2.6.1, node-fetch@^2.6.7:
  version "2.7.0"
  resolved "https://registry.npmjs.org/node-fetch/-/node-fetch-2.7.0.tgz"
  integrity sha512-c4FRfUm/dbcWZ7U+1Wq0AwCyFL+3nt2bEw05wfxSz+DWpWsitgmSgYmy2dQdWyKC1694ELPqMs/YzUSNozLt8A==
  dependencies:
    whatwg-url "^5.0.0"

"search@file:D:\\Repositories\\commercetools\\SDK\\search":
  version "1.0.0"
  resolved "file:search"

tr46@~0.0.3:
  version "0.0.3"
  resolved "https://registry.npmjs.org/tr46/-/tr46-0.0.3.tgz"
  integrity sha512-N3WMsuqV66lT30CrXNbEjx4GEwlow3v6rr4mCcv6prnfwhS01rkgyFdjPNBYd9br7LpXV1+Emh01fHnq2Gdgrw==

typescript@^5.4.5:
  version "5.4.5"
  resolved "https://registry.npmjs.org/typescript/-/typescript-5.4.5.tgz"
  integrity sha512-vcI4UpRgg81oIRUFwR0WSIHKt11nJ7SAVlYNIu+QpqeyXP+gpQJy/Z4+F0aGxSE4MqwjyXvW/TzgkLAx2AGHwQ==

undici-types@~5.26.4:
  version "5.26.5"
  resolved "https://registry.npmjs.org/undici-types/-/undici-types-5.26.5.tgz"
  integrity sha512-JlCMO+ehdEIKqlFxk6IfVoAUVmgz7cU7zD/h9XZ0qzeosSHmUJVOzSQvvYSYWXkFXC+IfLKSIffhv0sVZup6pA==

uuid@9.0.1:
  version "9.0.1"
  resolved "https://registry.npmjs.org/uuid/-/uuid-9.0.1.tgz"
  integrity sha512-b+1eJOlsR9K8HJpow9Ok3fiWOWSIcIzXodvv0rQjVoOVNpWMpxf1wZNpt4y9h10odCNrqnYp1OBzRktckBe3sA==

webidl-conversions@^3.0.0:
  version "3.0.1"
  resolved "https://registry.npmjs.org/webidl-conversions/-/webidl-conversions-3.0.1.tgz"
  integrity sha512-2JAn3z8AR6rjK8Sm8orRC0h/bcl/DqL7tRPdGZ4I1CjdF+EaMLmYxBHyXuKL849eucPFhvBoxMsflfOb8kxaeQ==

whatwg-url@^5.0.0:
  version "5.0.0"
  resolved "https://registry.npmjs.org/whatwg-url/-/whatwg-url-5.0.0.tgz"
  integrity sha512-saE57nupxk6v3HY35+jzBwYa0rKSy0XR8JSxZPwgLr7ys0IBzhGviA1/TUGJLmSVqs8pb9AnvICXEuOHLprYTw==
  dependencies:
    tr46 "~0.0.3"
    webidl-conversions "^3.0.0"
